
Microsoft Visual Studio Solution File, Format Version 12.00
# Visual Studio 15
VisualStudioVersion = 15.0.27428.2037
MinimumVisualStudioVersion = 10.0.40219.1
Project("{2150E333-8FDC-42A3-9474-1A3956D46DE8}") = "Libraries", "Libraries", "{47C25DEB-3D50-46A3-BA68-C2F3D79EBB23}"
EndProject
Project("{2150E333-8FDC-42A3-9474-1A3956D46DE8}") = "Core", "Core", "{8F576591-5625-47FA-9345-4A8CB5D8D213}"
EndProject
Project("{2150E333-8FDC-42A3-9474-1A3956D46DE8}") = "Data", "Data", "{06E86021-070E-453A-87AF-0364FA8C027A}"
EndProject
Project("{2150E333-8FDC-42A3-9474-1A3956D46DE8}") = "Entities", "Entities", "{A1ABEDC1-3060-4E6E-9191-144E061B6883}"
EndProject
Project("{2150E333-8FDC-42A3-9474-1A3956D46DE8}") = "Caching", "Caching", "{394B128E-6EFF-453E-8070-27CE6B8748C0}"
EndProject
Project("{2150E333-8FDC-42A3-9474-1A3956D46DE8}") = "UnitTest", "UnitTest", "{E9928567-CF45-4225-AF77-C2830BC2084F}"
EndProject
Project("{FAE04EC0-301F-11D3-BF4B-00C04F79EFBC}") = "Libraries.UnitTest", "Libraries.UnitTest\Libraries.UnitTest.csproj", "{3AEF868E-D7F6-411D-843D-5E8745A61FC6}"
EndProject
Project("{2150E333-8FDC-42A3-9474-1A3956D46DE8}") = "Cache", "Cache", "{824CEA84-ECBE-4C15-B211-D4D4B6B6D28E}"
EndProject
Project("{FAE04EC0-301F-11D3-BF4B-00C04F79EFBC}") = "XiongJun.Caches", "XiongJun.Caches\XiongJun.Caches.csproj", "{C8A18650-C26D-4340-8408-1E732DE757F5}"
EndProject
Project("{2150E333-8FDC-42A3-9474-1A3956D46DE8}") = "Presentation", "Presentation", "{1C629DF0-7DC2-44A6-A3F3-B34BB120FD5F}"
EndProject
Project("{FAE04EC0-301F-11D3-BF4B-00C04F79EFBC}") = "XiongJun.Web.FrameWork", "XiongJun.Web.FrameWork\XiongJun.Web.FrameWork.csproj", "{4CDFF560-E56B-4B86-B229-CDEF82DDF449}"
EndProject
Project("{FAE04EC0-301F-11D3-BF4B-00C04F79EFBC}") = "XiongJun.Core", "XiongJun.Core\XiongJun.Core.csproj", "{600A244B-3E2F-4746-A4C7-7D0EFF5CD093}"
EndProject
Global
	GlobalSection(SolutionConfigurationPlatforms) = preSolution
		Debug|Any CPU = Debug|Any CPU
		Release|Any CPU = Release|Any CPU
	EndGlobalSection
	GlobalSection(ProjectConfigurationPlatforms) = postSolution
		{3AEF868E-D7F6-411D-843D-5E8745A61FC6}.Debug|Any CPU.ActiveCfg = Debug|Any CPU
		{3AEF868E-D7F6-411D-843D-5E8745A61FC6}.Debug|Any CPU.Build.0 = Debug|Any CPU
		{3AEF868E-D7F6-411D-843D-5E8745A61FC6}.Release|Any CPU.ActiveCfg = Release|Any CPU
		{3AEF868E-D7F6-411D-843D-5E8745A61FC6}.Release|Any CPU.Build.0 = Release|Any CPU
		{C8A18650-C26D-4340-8408-1E732DE757F5}.Debug|Any CPU.ActiveCfg = Debug|Any CPU
		{C8A18650-C26D-4340-8408-1E732DE757F5}.Debug|Any CPU.Build.0 = Debug|Any CPU
		{C8A18650-C26D-4340-8408-1E732DE757F5}.Release|Any CPU.ActiveCfg = Release|Any CPU
		{C8A18650-C26D-4340-8408-1E732DE757F5}.Release|Any CPU.Build.0 = Release|Any CPU
		{4CDFF560-E56B-4B86-B229-CDEF82DDF449}.Debug|Any CPU.ActiveCfg = Debug|Any CPU
		{4CDFF560-E56B-4B86-B229-CDEF82DDF449}.Debug|Any CPU.Build.0 = Debug|Any CPU
		{4CDFF560-E56B-4B86-B229-CDEF82DDF449}.Release|Any CPU.ActiveCfg = Release|Any CPU
		{4CDFF560-E56B-4B86-B229-CDEF82DDF449}.Release|Any CPU.Build.0 = Release|Any CPU
		{600A244B-3E2F-4746-A4C7-7D0EFF5CD093}.Debug|Any CPU.ActiveCfg = Debug|Any CPU
		{600A244B-3E2F-4746-A4C7-7D0EFF5CD093}.Debug|Any CPU.Build.0 = Debug|Any CPU
		{600A244B-3E2F-4746-A4C7-7D0EFF5CD093}.Release|Any CPU.ActiveCfg = Release|Any CPU
		{600A244B-3E2F-4746-A4C7-7D0EFF5CD093}.Release|Any CPU.Build.0 = Release|Any CPU
	EndGlobalSection
	GlobalSection(SolutionProperties) = preSolution
		HideSolutionNode = FALSE
	EndGlobalSection
	GlobalSection(NestedProjects) = preSolution
		{8F576591-5625-47FA-9345-4A8CB5D8D213} = {47C25DEB-3D50-46A3-BA68-C2F3D79EBB23}
		{06E86021-070E-453A-87AF-0364FA8C027A} = {47C25DEB-3D50-46A3-BA68-C2F3D79EBB23}
		{A1ABEDC1-3060-4E6E-9191-144E061B6883} = {47C25DEB-3D50-46A3-BA68-C2F3D79EBB23}
		{394B128E-6EFF-453E-8070-27CE6B8748C0} = {47C25DEB-3D50-46A3-BA68-C2F3D79EBB23}
		{3AEF868E-D7F6-411D-843D-5E8745A61FC6} = {E9928567-CF45-4225-AF77-C2830BC2084F}
		{824CEA84-ECBE-4C15-B211-D4D4B6B6D28E} = {47C25DEB-3D50-46A3-BA68-C2F3D79EBB23}
		{C8A18650-C26D-4340-8408-1E732DE757F5} = {824CEA84-ECBE-4C15-B211-D4D4B6B6D28E}
		{4CDFF560-E56B-4B86-B229-CDEF82DDF449} = {1C629DF0-7DC2-44A6-A3F3-B34BB120FD5F}
		{600A244B-3E2F-4746-A4C7-7D0EFF5CD093} = {8F576591-5625-47FA-9345-4A8CB5D8D213}
	EndGlobalSection
	GlobalSection(ExtensibilityGlobals) = postSolution
		SolutionGuid = {7A93B087-489A-4EDD-936F-066EBAE4CD88}
	EndGlobalSection
EndGlobal
